// !$*UTF8*$!
{
	archiveVersion = 1;
	classes = {
	};
	objectVersion = 56;
	objects = {

/* Begin PBXBuildFile section */
		0A7510B52A4AB7BA00B1F6A8 /* MovieCategoriesVC.swift in Sources */ = {isa = PBXBuildFile; fileRef = 0A7510B42A4AB7BA00B1F6A8 /* MovieCategoriesVC.swift */; };
		0A7510B72A4ABC4400B1F6A8 /* MovieCategoryDetailsVC.swift in Sources */ = {isa = PBXBuildFile; fileRef = 0A7510B62A4ABC4400B1F6A8 /* MovieCategoryDetailsVC.swift */; };
		0A7510B92A4AC0AE00B1F6A8 /* MovieCategory.swift in Sources */ = {isa = PBXBuildFile; fileRef = 0A7510B82A4AC0AE00B1F6A8 /* MovieCategory.swift */; };
		0A7510C62A4AC5C400B1F6A8 /* CommonError.swift in Sources */ = {isa = PBXBuildFile; fileRef = 0A7510C52A4AC5C400B1F6A8 /* CommonError.swift */; };
		0A7510CA2A4AC61F00B1F6A8 /* ParseError.swift in Sources */ = {isa = PBXBuildFile; fileRef = 0A7510C92A4AC61F00B1F6A8 /* ParseError.swift */; };
		0A7510CC2A4C0A6C00B1F6A8 /* ReponseDecoder.swift in Sources */ = {isa = PBXBuildFile; fileRef = 0A7510CB2A4C0A6C00B1F6A8 /* ReponseDecoder.swift */; };
		0A7510CE2A4C0DCF00B1F6A8 /* FileUtility.swift in Sources */ = {isa = PBXBuildFile; fileRef = 0A7510CD2A4C0DCF00B1F6A8 /* FileUtility.swift */; };
		0A7510D02A4C0FB900B1F6A8 /* FileRequest.swift in Sources */ = {isa = PBXBuildFile; fileRef = 0A7510CF2A4C0FB900B1F6A8 /* FileRequest.swift */; };
		0A7510D22A4C105E00B1F6A8 /* FileError.swift in Sources */ = {isa = PBXBuildFile; fileRef = 0A7510D12A4C105E00B1F6A8 /* FileError.swift */; };
		0A7510D42A4C497D00B1F6A8 /* DIC.swift in Sources */ = {isa = PBXBuildFile; fileRef = 0A7510D32A4C497D00B1F6A8 /* DIC.swift */; };
		0A7510DC2A4C61DE00B1F6A8 /* MovieDatabaseAppTests.swift in Sources */ = {isa = PBXBuildFile; fileRef = 0A7510DB2A4C61DE00B1F6A8 /* MovieDatabaseAppTests.swift */; };
		0A7510E52A4C716000B1F6A8 /* FileUtilityTests.swift in Sources */ = {isa = PBXBuildFile; fileRef = 0A7510E42A4C716000B1F6A8 /* FileUtilityTests.swift */; };
		0A7510E72A4C7A5400B1F6A8 /* ResponseDecoderTests.swift in Sources */ = {isa = PBXBuildFile; fileRef = 0A7510E62A4C7A5400B1F6A8 /* ResponseDecoderTests.swift */; };
		0AEB2E002A42D5540041784E /* AppDelegate.swift in Sources */ = {isa = PBXBuildFile; fileRef = 0AEB2DFF2A42D5540041784E /* AppDelegate.swift */; };
		0AEB2E022A42D5540041784E /* SceneDelegate.swift in Sources */ = {isa = PBXBuildFile; fileRef = 0AEB2E012A42D5540041784E /* SceneDelegate.swift */; };
		0AEB2E072A42D5540041784E /* Main.storyboard in Resources */ = {isa = PBXBuildFile; fileRef = 0AEB2E052A42D5540041784E /* Main.storyboard */; };
		0AEB2E092A42D55A0041784E /* Assets.xcassets in Resources */ = {isa = PBXBuildFile; fileRef = 0AEB2E082A42D55A0041784E /* Assets.xcassets */; };
		0AEB2E0C2A42D55A0041784E /* LaunchScreen.storyboard in Resources */ = {isa = PBXBuildFile; fileRef = 0AEB2E0A2A42D55A0041784E /* LaunchScreen.storyboard */; };
		0AEB2E172A42DD8F0041784E /* movies.json in Resources */ = {isa = PBXBuildFile; fileRef = 0AEB2E162A42DD8E0041784E /* movies.json */; };
		0AEB2E192A42DDFD0041784E /* Movie.swift in Sources */ = {isa = PBXBuildFile; fileRef = 0AEB2E182A42DDFD0041784E /* Movie.swift */; };
		0AEB2E1B2A42DF9F0041784E /* Rating.swift in Sources */ = {isa = PBXBuildFile; fileRef = 0AEB2E1A2A42DF9F0041784E /* Rating.swift */; };
		0AEB2E232A42F0380041784E /* Constant.swift in Sources */ = {isa = PBXBuildFile; fileRef = 0AEB2E222A42F0380041784E /* Constant.swift */; };
		0AEB2E252A431E9D0041784E /* MovieResource.swift in Sources */ = {isa = PBXBuildFile; fileRef = 0AEB2E242A431E9D0041784E /* MovieResource.swift */; };
		0AEB2E2F2A4384520041784E /* MoviesVC.swift in Sources */ = {isa = PBXBuildFile; fileRef = 0AEB2E2E2A4384520041784E /* MoviesVC.swift */; };
		0AEB2E312A438A910041784E /* MovieCell.swift in Sources */ = {isa = PBXBuildFile; fileRef = 0AEB2E302A438A910041784E /* MovieCell.swift */; };
		0AEB2E332A438B7F0041784E /* SingleLblCell.swift in Sources */ = {isa = PBXBuildFile; fileRef = 0AEB2E322A438B7F0041784E /* SingleLblCell.swift */; };
		0AEB2E352A438F260041784E /* LazyImgVW.swift in Sources */ = {isa = PBXBuildFile; fileRef = 0AEB2E342A438F260041784E /* LazyImgVW.swift */; };
		0AEB2E372A439C4B0041784E /* MovieDetailsVC.swift in Sources */ = {isa = PBXBuildFile; fileRef = 0AEB2E362A439C4B0041784E /* MovieDetailsVC.swift */; };
		0AEB2E3D2A4429BA0041784E /* RatingCell.swift in Sources */ = {isa = PBXBuildFile; fileRef = 0AEB2E3C2A4429BA0041784E /* RatingCell.swift */; };
		0AEB2E3F2A4431770041784E /* MovieInfo.swift in Sources */ = {isa = PBXBuildFile; fileRef = 0AEB2E3E2A4431770041784E /* MovieInfo.swift */; };
		0AEB2E412A443CB80041784E /* CustomPickerVW.swift in Sources */ = {isa = PBXBuildFile; fileRef = 0AEB2E402A443CB70041784E /* CustomPickerVW.swift */; };
		0AEB2E442A4465540041784E /* Extension.swift in Sources */ = {isa = PBXBuildFile; fileRef = 0AEB2E432A4465540041784E /* Extension.swift */; };
/* End PBXBuildFile section */

/* Begin PBXContainerItemProxy section */
		0A7510DD2A4C61DE00B1F6A8 /* PBXContainerItemProxy */ = {
			isa = PBXContainerItemProxy;
			containerPortal = 0AEB2DF42A42D5540041784E /* Project object */;
			proxyType = 1;
			remoteGlobalIDString = 0AEB2DFB2A42D5540041784E;
			remoteInfo = MovieDatabaseApp;
		};
/* End PBXContainerItemProxy section */

/* Begin PBXFileReference section */
		0A7510B42A4AB7BA00B1F6A8 /* MovieCategoriesVC.swift */ = {isa = PBXFileReference; lastKnownFileType = sourcecode.swift; path = MovieCategoriesVC.swift; sourceTree = "<group>"; };
		0A7510B62A4ABC4400B1F6A8 /* MovieCategoryDetailsVC.swift */ = {isa = PBXFileReference; lastKnownFileType = sourcecode.swift; path = MovieCategoryDetailsVC.swift; sourceTree = "<group>"; };
		0A7510B82A4AC0AE00B1F6A8 /* MovieCategory.swift */ = {isa = PBXFileReference; lastKnownFileType = sourcecode.swift; path = MovieCategory.swift; sourceTree = "<group>"; };
		0A7510C52A4AC5C400B1F6A8 /* CommonError.swift */ = {isa = PBXFileReference; lastKnownFileType = sourcecode.swift; path = CommonError.swift; sourceTree = "<group>"; };
		0A7510C92A4AC61F00B1F6A8 /* ParseError.swift */ = {isa = PBXFileReference; lastKnownFileType = sourcecode.swift; path = ParseError.swift; sourceTree = "<group>"; };
		0A7510CB2A4C0A6C00B1F6A8 /* ReponseDecoder.swift */ = {isa = PBXFileReference; lastKnownFileType = sourcecode.swift; path = ReponseDecoder.swift; sourceTree = "<group>"; };
		0A7510CD2A4C0DCF00B1F6A8 /* FileUtility.swift */ = {isa = PBXFileReference; lastKnownFileType = sourcecode.swift; path = FileUtility.swift; sourceTree = "<group>"; };
		0A7510CF2A4C0FB900B1F6A8 /* FileRequest.swift */ = {isa = PBXFileReference; lastKnownFileType = sourcecode.swift; path = FileRequest.swift; sourceTree = "<group>"; };
		0A7510D12A4C105E00B1F6A8 /* FileError.swift */ = {isa = PBXFileReference; lastKnownFileType = sourcecode.swift; path = FileError.swift; sourceTree = "<group>"; };
		0A7510D32A4C497D00B1F6A8 /* DIC.swift */ = {isa = PBXFileReference; lastKnownFileType = sourcecode.swift; path = DIC.swift; sourceTree = "<group>"; };
		0A7510D92A4C61DD00B1F6A8 /* MovieDatabaseAppTests.xctest */ = {isa = PBXFileReference; explicitFileType = wrapper.cfbundle; includeInIndex = 0; path = MovieDatabaseAppTests.xctest; sourceTree = BUILT_PRODUCTS_DIR; };
		0A7510DB2A4C61DE00B1F6A8 /* MovieDatabaseAppTests.swift */ = {isa = PBXFileReference; lastKnownFileType = sourcecode.swift; path = MovieDatabaseAppTests.swift; sourceTree = "<group>"; };
		0A7510E42A4C716000B1F6A8 /* FileUtilityTests.swift */ = {isa = PBXFileReference; lastKnownFileType = sourcecode.swift; path = FileUtilityTests.swift; sourceTree = "<group>"; };
		0A7510E62A4C7A5400B1F6A8 /* ResponseDecoderTests.swift */ = {isa = PBXFileReference; lastKnownFileType = sourcecode.swift; path = ResponseDecoderTests.swift; sourceTree = "<group>"; };
		0AEB2DFC2A42D5540041784E /* MovieDatabaseApp.app */ = {isa = PBXFileReference; explicitFileType = wrapper.application; includeInIndex = 0; path = MovieDatabaseApp.app; sourceTree = BUILT_PRODUCTS_DIR; };
		0AEB2DFF2A42D5540041784E /* AppDelegate.swift */ = {isa = PBXFileReference; lastKnownFileType = sourcecode.swift; path = AppDelegate.swift; sourceTree = "<group>"; };
		0AEB2E012A42D5540041784E /* SceneDelegate.swift */ = {isa = PBXFileReference; lastKnownFileType = sourcecode.swift; path = SceneDelegate.swift; sourceTree = "<group>"; };
		0AEB2E062A42D5540041784E /* Base */ = {isa = PBXFileReference; lastKnownFileType = file.storyboard; name = Base; path = Base.lproj/Main.storyboard; sourceTree = "<group>"; };
		0AEB2E082A42D55A0041784E /* Assets.xcassets */ = {isa = PBXFileReference; lastKnownFileType = folder.assetcatalog; path = Assets.xcassets; sourceTree = "<group>"; };
		0AEB2E0B2A42D55A0041784E /* Base */ = {isa = PBXFileReference; lastKnownFileType = file.storyboard; name = Base; path = Base.lproj/LaunchScreen.storyboard; sourceTree = "<group>"; };
		0AEB2E0D2A42D55A0041784E /* Info.plist */ = {isa = PBXFileReference; lastKnownFileType = text.plist.xml; path = Info.plist; sourceTree = "<group>"; };
		0AEB2E162A42DD8E0041784E /* movies.json */ = {isa = PBXFileReference; fileEncoding = 4; lastKnownFileType = text.json; path = movies.json; sourceTree = "<group>"; };
		0AEB2E182A42DDFD0041784E /* Movie.swift */ = {isa = PBXFileReference; lastKnownFileType = sourcecode.swift; path = Movie.swift; sourceTree = "<group>"; };
		0AEB2E1A2A42DF9F0041784E /* Rating.swift */ = {isa = PBXFileReference; lastKnownFileType = sourcecode.swift; path = Rating.swift; sourceTree = "<group>"; };
		0AEB2E222A42F0380041784E /* Constant.swift */ = {isa = PBXFileReference; lastKnownFileType = sourcecode.swift; path = Constant.swift; sourceTree = "<group>"; };
		0AEB2E242A431E9D0041784E /* MovieResource.swift */ = {isa = PBXFileReference; lastKnownFileType = sourcecode.swift; path = MovieResource.swift; sourceTree = "<group>"; };
		0AEB2E2E2A4384520041784E /* MoviesVC.swift */ = {isa = PBXFileReference; lastKnownFileType = sourcecode.swift; path = MoviesVC.swift; sourceTree = "<group>"; };
		0AEB2E302A438A910041784E /* MovieCell.swift */ = {isa = PBXFileReference; lastKnownFileType = sourcecode.swift; path = MovieCell.swift; sourceTree = "<group>"; };
		0AEB2E322A438B7F0041784E /* SingleLblCell.swift */ = {isa = PBXFileReference; lastKnownFileType = sourcecode.swift; path = SingleLblCell.swift; sourceTree = "<group>"; };
		0AEB2E342A438F260041784E /* LazyImgVW.swift */ = {isa = PBXFileReference; lastKnownFileType = sourcecode.swift; path = LazyImgVW.swift; sourceTree = "<group>"; };
		0AEB2E362A439C4B0041784E /* MovieDetailsVC.swift */ = {isa = PBXFileReference; lastKnownFileType = sourcecode.swift; path = MovieDetailsVC.swift; sourceTree = "<group>"; };
		0AEB2E3C2A4429BA0041784E /* RatingCell.swift */ = {isa = PBXFileReference; lastKnownFileType = sourcecode.swift; path = RatingCell.swift; sourceTree = "<group>"; };
		0AEB2E3E2A4431770041784E /* MovieInfo.swift */ = {isa = PBXFileReference; lastKnownFileType = sourcecode.swift; path = MovieInfo.swift; sourceTree = "<group>"; };
		0AEB2E402A443CB70041784E /* CustomPickerVW.swift */ = {isa = PBXFileReference; lastKnownFileType = sourcecode.swift; path = CustomPickerVW.swift; sourceTree = "<group>"; };
		0AEB2E432A4465540041784E /* Extension.swift */ = {isa = PBXFileReference; lastKnownFileType = sourcecode.swift; path = Extension.swift; sourceTree = "<group>"; };
/* End PBXFileReference section */

/* Begin PBXFrameworksBuildPhase section */
		0A7510D62A4C61DD00B1F6A8 /* Frameworks */ = {
			isa = PBXFrameworksBuildPhase;
			buildActionMask = 2147483647;
			files = (
			);
			runOnlyForDeploymentPostprocessing = 0;
		};
		0AEB2DF92A42D5540041784E /* Frameworks */ = {
			isa = PBXFrameworksBuildPhase;
			buildActionMask = 2147483647;
			files = (
			);
			runOnlyForDeploymentPostprocessing = 0;
		};
/* End PBXFrameworksBuildPhase section */

/* Begin PBXGroup section */
		0A7510BC2A4AC38300B1F6A8 /* Utilities */ = {
			isa = PBXGroup;
			children = (
				0A7510CD2A4C0DCF00B1F6A8 /* FileUtility.swift */,
				0A7510CB2A4C0A6C00B1F6A8 /* ReponseDecoder.swift */,
				0A7510D32A4C497D00B1F6A8 /* DIC.swift */,
			);
			path = Utilities;
			sourceTree = "<group>";
		};
		0A7510C42A4AC4EF00B1F6A8 /* Utility */ = {
			isa = PBXGroup;
			children = (
				0A7510CF2A4C0FB900B1F6A8 /* FileRequest.swift */,
				0A7510D12A4C105E00B1F6A8 /* FileError.swift */,
				0A7510C92A4AC61F00B1F6A8 /* ParseError.swift */,
			);
			path = Utility;
			sourceTree = "<group>";
		};
		0A7510DA2A4C61DE00B1F6A8 /* MovieDatabaseAppTests */ = {
			isa = PBXGroup;
			children = (
				0A7510DB2A4C61DE00B1F6A8 /* MovieDatabaseAppTests.swift */,
				0A7510E42A4C716000B1F6A8 /* FileUtilityTests.swift */,
				0A7510E62A4C7A5400B1F6A8 /* ResponseDecoderTests.swift */,
			);
			path = MovieDatabaseAppTests;
			sourceTree = "<group>";
		};
		0AEB2DF32A42D5540041784E = {
			isa = PBXGroup;
			children = (
				0AEB2DFE2A42D5540041784E /* MovieDatabaseApp */,
				0A7510DA2A4C61DE00B1F6A8 /* MovieDatabaseAppTests */,
				0AEB2DFD2A42D5540041784E /* Products */,
			);
			sourceTree = "<group>";
		};
		0AEB2DFD2A42D5540041784E /* Products */ = {
			isa = PBXGroup;
			children = (
				0AEB2DFC2A42D5540041784E /* MovieDatabaseApp.app */,
				0A7510D92A4C61DD00B1F6A8 /* MovieDatabaseAppTests.xctest */,
			);
			name = Products;
			sourceTree = "<group>";
		};
		0AEB2DFE2A42D5540041784E /* MovieDatabaseApp */ = {
			isa = PBXGroup;
			children = (
				0AEB2E152A42DB570041784E /* Models */,
				0AEB2E132A42DA880041784E /* Views */,
				0AEB2E142A42DB060041784E /* Controllers */,
				0AEB2E262A431EAC0041784E /* Resources */,
				0AEB2DFF2A42D5540041784E /* AppDelegate.swift */,
				0AEB2E012A42D5540041784E /* SceneDelegate.swift */,
				0AEB2E082A42D55A0041784E /* Assets.xcassets */,
				0AEB2E0D2A42D55A0041784E /* Info.plist */,
				0AEB2E202A42F0000041784E /* Common */,
				0A7510BC2A4AC38300B1F6A8 /* Utilities */,
			);
			path = MovieDatabaseApp;
			sourceTree = "<group>";
		};
		0AEB2E132A42DA880041784E /* Views */ = {
			isa = PBXGroup;
			children = (
				0AEB2E292A4348490041784E /* Storyboards */,
				0AEB2E422A444FCB0041784E /* Cells */,
				0AEB2E342A438F260041784E /* LazyImgVW.swift */,
				0AEB2E402A443CB70041784E /* CustomPickerVW.swift */,
			);
			path = Views;
			sourceTree = "<group>";
		};
		0AEB2E142A42DB060041784E /* Controllers */ = {
			isa = PBXGroup;
			children = (
				0A7510B42A4AB7BA00B1F6A8 /* MovieCategoriesVC.swift */,
				0A7510B62A4ABC4400B1F6A8 /* MovieCategoryDetailsVC.swift */,
				0AEB2E2E2A4384520041784E /* MoviesVC.swift */,
				0AEB2E362A439C4B0041784E /* MovieDetailsVC.swift */,
			);
			path = Controllers;
			sourceTree = "<group>";
		};
		0AEB2E152A42DB570041784E /* Models */ = {
			isa = PBXGroup;
			children = (
				0AEB2E162A42DD8E0041784E /* movies.json */,
				0AEB2E182A42DDFD0041784E /* Movie.swift */,
				0AEB2E1A2A42DF9F0041784E /* Rating.swift */,
				0A7510B82A4AC0AE00B1F6A8 /* MovieCategory.swift */,
				0AEB2E3E2A4431770041784E /* MovieInfo.swift */,
				0A7510C52A4AC5C400B1F6A8 /* CommonError.swift */,
				0A7510C42A4AC4EF00B1F6A8 /* Utility */,
			);
			path = Models;
			sourceTree = "<group>";
		};
		0AEB2E202A42F0000041784E /* Common */ = {
			isa = PBXGroup;
			children = (
				0AEB2E222A42F0380041784E /* Constant.swift */,
				0AEB2E432A4465540041784E /* Extension.swift */,
			);
			path = Common;
			sourceTree = "<group>";
		};
		0AEB2E262A431EAC0041784E /* Resources */ = {
			isa = PBXGroup;
			children = (
				0AEB2E242A431E9D0041784E /* MovieResource.swift */,
			);
			path = Resources;
			sourceTree = "<group>";
		};
		0AEB2E292A4348490041784E /* Storyboards */ = {
			isa = PBXGroup;
			children = (
				0AEB2E052A42D5540041784E /* Main.storyboard */,
				0AEB2E0A2A42D55A0041784E /* LaunchScreen.storyboard */,
			);
			path = Storyboards;
			sourceTree = "<group>";
		};
		0AEB2E422A444FCB0041784E /* Cells */ = {
			isa = PBXGroup;
			children = (
				0AEB2E302A438A910041784E /* MovieCell.swift */,
				0AEB2E322A438B7F0041784E /* SingleLblCell.swift */,
				0AEB2E3C2A4429BA0041784E /* RatingCell.swift */,
			);
			path = Cells;
			sourceTree = "<group>";
		};
/* End PBXGroup section */

/* Begin PBXNativeTarget section */
		0A7510D82A4C61DD00B1F6A8 /* MovieDatabaseAppTests */ = {
			isa = PBXNativeTarget;
			buildConfigurationList = 0A7510DF2A4C61DE00B1F6A8 /* Build configuration list for PBXNativeTarget "MovieDatabaseAppTests" */;
			buildPhases = (
				0A7510D52A4C61DD00B1F6A8 /* Sources */,
				0A7510D62A4C61DD00B1F6A8 /* Frameworks */,
				0A7510D72A4C61DD00B1F6A8 /* Resources */,
			);
			buildRules = (
			);
			dependencies = (
				0A7510DE2A4C61DE00B1F6A8 /* PBXTargetDependency */,
			);
			name = MovieDatabaseAppTests;
			productName = MovieDatabaseAppTests;
			productReference = 0A7510D92A4C61DD00B1F6A8 /* MovieDatabaseAppTests.xctest */;
			productType = "com.apple.product-type.bundle.unit-test";
		};
		0AEB2DFB2A42D5540041784E /* MovieDatabaseApp */ = {
			isa = PBXNativeTarget;
			buildConfigurationList = 0AEB2E102A42D55A0041784E /* Build configuration list for PBXNativeTarget "MovieDatabaseApp" */;
			buildPhases = (
				0AEB2DF82A42D5540041784E /* Sources */,
				0AEB2DF92A42D5540041784E /* Frameworks */,
				0AEB2DFA2A42D5540041784E /* Resources */,
			);
			buildRules = (
			);
			dependencies = (
			);
			name = MovieDatabaseApp;
			productName = MovieDatabaseApp;
			productReference = 0AEB2DFC2A42D5540041784E /* MovieDatabaseApp.app */;
			productType = "com.apple.product-type.application";
		};
/* End PBXNativeTarget section */

/* Begin PBXProject section */
		0AEB2DF42A42D5540041784E /* Project object */ = {
			isa = PBXProject;
			attributes = {
				BuildIndependentTargetsInParallel = 1;
				LastSwiftUpdateCheck = 1430;
				LastUpgradeCheck = 1430;
				TargetAttributes = {
					0A7510D82A4C61DD00B1F6A8 = {
						CreatedOnToolsVersion = 14.3;
						TestTargetID = 0AEB2DFB2A42D5540041784E;
					};
					0AEB2DFB2A42D5540041784E = {
						CreatedOnToolsVersion = 14.3;
					};
				};
			};
			buildConfigurationList = 0AEB2DF72A42D5540041784E /* Build configuration list for PBXProject "MovieDatabaseApp" */;
			compatibilityVersion = "Xcode 14.0";
			developmentRegion = en;
			hasScannedForEncodings = 0;
			knownRegions = (
				en,
				Base,
			);
			mainGroup = 0AEB2DF32A42D5540041784E;
			productRefGroup = 0AEB2DFD2A42D5540041784E /* Products */;
			projectDirPath = "";
			projectRoot = "";
			targets = (
				0AEB2DFB2A42D5540041784E /* MovieDatabaseApp */,
				0A7510D82A4C61DD00B1F6A8 /* MovieDatabaseAppTests */,
			);
		};
/* End PBXProject section */

/* Begin PBXResourcesBuildPhase section */
		0A7510D72A4C61DD00B1F6A8 /* Resources */ = {
			isa = PBXResourcesBuildPhase;
			buildActionMask = 2147483647;
			files = (
			);
			runOnlyForDeploymentPostprocessing = 0;
		};
		0AEB2DFA2A42D5540041784E /* Resources */ = {
			isa = PBXResourcesBuildPhase;
			buildActionMask = 2147483647;
			files = (
				0AEB2E0C2A42D55A0041784E /* LaunchScreen.storyboard in Resources */,
				0AEB2E092A42D55A0041784E /* Assets.xcassets in Resources */,
				0AEB2E172A42DD8F0041784E /* movies.json in Resources */,
				0AEB2E072A42D5540041784E /* Main.storyboard in Resources */,
			);
			runOnlyForDeploymentPostprocessing = 0;
		};
/* End PBXResourcesBuildPhase section */

/* Begin PBXSourcesBuildPhase section */
		0A7510D52A4C61DD00B1F6A8 /* Sources */ = {
			isa = PBXSourcesBuildPhase;
			buildActionMask = 2147483647;
			files = (
				0A7510E52A4C716000B1F6A8 /* FileUtilityTests.swift in Sources */,
				0A7510E72A4C7A5400B1F6A8 /* ResponseDecoderTests.swift in Sources */,
				0A7510DC2A4C61DE00B1F6A8 /* MovieDatabaseAppTests.swift in Sources */,
			);
			runOnlyForDeploymentPostprocessing = 0;
		};
		0AEB2DF82A42D5540041784E /* Sources */ = {
			isa = PBXSourcesBuildPhase;
			buildActionMask = 2147483647;
			files = (
				0AEB2E3F2A4431770041784E /* MovieInfo.swift in Sources */,
				0AEB2E3D2A4429BA0041784E /* RatingCell.swift in Sources */,
				0A7510D22A4C105E00B1F6A8 /* FileError.swift in Sources */,
				0AEB2E002A42D5540041784E /* AppDelegate.swift in Sources */,
				0A7510CE2A4C0DCF00B1F6A8 /* FileUtility.swift in Sources */,
				0AEB2E312A438A910041784E /* MovieCell.swift in Sources */,
				0A7510D02A4C0FB900B1F6A8 /* FileRequest.swift in Sources */,
				0AEB2E332A438B7F0041784E /* SingleLblCell.swift in Sources */,
				0AEB2E2F2A4384520041784E /* MoviesVC.swift in Sources */,
				0A7510B52A4AB7BA00B1F6A8 /* MovieCategoriesVC.swift in Sources */,
				0AEB2E1B2A42DF9F0041784E /* Rating.swift in Sources */,
				0A7510B92A4AC0AE00B1F6A8 /* MovieCategory.swift in Sources */,
				0AEB2E232A42F0380041784E /* Constant.swift in Sources */,
				0A7510CA2A4AC61F00B1F6A8 /* ParseError.swift in Sources */,
				0A7510D42A4C497D00B1F6A8 /* DIC.swift in Sources */,
				0AEB2E442A4465540041784E /* Extension.swift in Sources */,
				0AEB2E412A443CB80041784E /* CustomPickerVW.swift in Sources */,
				0A7510CC2A4C0A6C00B1F6A8 /* ReponseDecoder.swift in Sources */,
				0AEB2E352A438F260041784E /* LazyImgVW.swift in Sources */,
				0AEB2E192A42DDFD0041784E /* Movie.swift in Sources */,
				0A7510B72A4ABC4400B1F6A8 /* MovieCategoryDetailsVC.swift in Sources */,
				0AEB2E252A431E9D0041784E /* MovieResource.swift in Sources */,
				0A7510C62A4AC5C400B1F6A8 /* CommonError.swift in Sources */,
				0AEB2E372A439C4B0041784E /* MovieDetailsVC.swift in Sources */,
				0AEB2E022A42D5540041784E /* SceneDelegate.swift in Sources */,
			);
			runOnlyForDeploymentPostprocessing = 0;
		};
/* End PBXSourcesBuildPhase section */

/* Begin PBXTargetDependency section */
		0A7510DE2A4C61DE00B1F6A8 /* PBXTargetDependency */ = {
			isa = PBXTargetDependency;
			target = 0AEB2DFB2A42D5540041784E /* MovieDatabaseApp */;
			targetProxy = 0A7510DD2A4C61DE00B1F6A8 /* PBXContainerItemProxy */;
		};
/* End PBXTargetDependency section */

/* Begin PBXVariantGroup section */
		0AEB2E052A42D5540041784E /* Main.storyboard */ = {
			isa = PBXVariantGroup;
			children = (
				0AEB2E062A42D5540041784E /* Base */,
			);
			name = Main.storyboard;
			sourceTree = "<group>";
		};
		0AEB2E0A2A42D55A0041784E /* LaunchScreen.storyboard */ = {
			isa = PBXVariantGroup;
			children = (
				0AEB2E0B2A42D55A0041784E /* Base */,
			);
			name = LaunchScreen.storyboard;
			sourceTree = "<group>";
		};
/* End PBXVariantGroup section */

/* Begin XCBuildConfiguration section */
		0A7510E02A4C61DE00B1F6A8 /* Debug */ = {
			isa = XCBuildConfiguration;
			buildSettings = {
				BUNDLE_LOADER = "$(TEST_HOST)";
				CODE_SIGN_STYLE = Automatic;
				CURRENT_PROJECT_VERSION = 1;
				GENERATE_INFOPLIST_FILE = YES;
				MARKETING_VERSION = 1.0;
				PRODUCT_BUNDLE_IDENTIFIER = com.demo.MovieDatabaseAppTests;
				PRODUCT_NAME = "$(TARGET_NAME)";
				SWIFT_EMIT_LOC_STRINGS = NO;
				SWIFT_VERSION = 5.0;
				TARGETED_DEVICE_FAMILY = "1,2";
				TEST_HOST = "$(BUILT_PRODUCTS_DIR)/MovieDatabaseApp.app/$(BUNDLE_EXECUTABLE_FOLDER_PATH)/MovieDatabaseApp";
			};
			name = Debug;
		};
		0A7510E12A4C61DE00B1F6A8 /* Release */ = {
			isa = XCBuildConfiguration;
			buildSettings = {
				BUNDLE_LOADER = "$(TEST_HOST)";
				CODE_SIGN_STYLE = Automatic;
				CURRENT_PROJECT_VERSION = 1;
				GENERATE_INFOPLIST_FILE = YES;
				MARKETING_VERSION = 1.0;
				PRODUCT_BUNDLE_IDENTIFIER = com.demo.MovieDatabaseAppTests;
				PRODUCT_NAME = "$(TARGET_NAME)";
				SWIFT_EMIT_LOC_STRINGS = NO;
				SWIFT_VERSION = 5.0;
				TARGETED_DEVICE_FAMILY = "1,2";
				TEST_HOST = "$(BUILT_PRODUCTS_DIR)/MovieDatabaseApp.app/$(BUNDLE_EXECUTABLE_FOLDER_PATH)/MovieDatabaseApp";
			};
			name = Release;
		};
		0AEB2E0E2A42D55A0041784E /* Debug */ = {
			isa = XCBuildConfiguration;
			buildSettings = {
				ALWAYS_SEARCH_USER_PATHS = NO;
				CLANG_ANALYZER_NONNULL = YES;
				CLANG_ANALYZER_NUMBER_OBJECT_CONVERSION = YES_AGGRESSIVE;
				CLANG_CXX_LANGUAGE_STANDARD = "gnu++20";
				CLANG_ENABLE_MODULES = YES;
				CLANG_ENABLE_OBJC_ARC = YES;
				CLANG_ENABLE_OBJC_WEAK = YES;
				CLANG_WARN_BLOCK_CAPTURE_AUTORELEASING = YES;
				CLANG_WARN_BOOL_CONVERSION = YES;
				CLANG_WARN_COMMA = YES;
				CLANG_WARN_CONSTANT_CONVERSION = YES;
				CLANG_WARN_DEPRECATED_OBJC_IMPLEMENTATIONS = YES;
				CLANG_WARN_DIRECT_OBJC_ISA_USAGE = YES_ERROR;
				CLANG_WARN_DOCUMENTATION_COMMENTS = YES;
				CLANG_WARN_EMPTY_BODY = YES;
				CLANG_WARN_ENUM_CONVERSION = YES;
				CLANG_WARN_INFINITE_RECURSION = YES;
				CLANG_WARN_INT_CONVERSION = YES;
				CLANG_WARN_NON_LITERAL_NULL_CONVERSION = YES;
				CLANG_WARN_OBJC_IMPLICIT_RETAIN_SELF = YES;
				CLANG_WARN_OBJC_LITERAL_CONVERSION = YES;
				CLANG_WARN_OBJC_ROOT_CLASS = YES_ERROR;
				CLANG_WARN_QUOTED_INCLUDE_IN_FRAMEWORK_HEADER = YES;
				CLANG_WARN_RANGE_LOOP_ANALYSIS = YES;
				CLANG_WARN_STRICT_PROTOTYPES = YES;
				CLANG_WARN_SUSPICIOUS_MOVE = YES;
				CLANG_WARN_UNGUARDED_AVAILABILITY = YES_AGGRESSIVE;
				CLANG_WARN_UNREACHABLE_CODE = YES;
				CLANG_WARN__DUPLICATE_METHOD_MATCH = YES;
				COPY_PHASE_STRIP = NO;
				DEBUG_INFORMATION_FORMAT = dwarf;
				ENABLE_STRICT_OBJC_MSGSEND = YES;
				ENABLE_TESTABILITY = YES;
				GCC_C_LANGUAGE_STANDARD = gnu11;
				GCC_DYNAMIC_NO_PIC = NO;
				GCC_NO_COMMON_BLOCKS = YES;
				GCC_OPTIMIZATION_LEVEL = 0;
				GCC_PREPROCESSOR_DEFINITIONS = (
					"DEBUG=1",
					"$(inherited)",
				);
				GCC_WARN_64_TO_32_BIT_CONVERSION = YES;
				GCC_WARN_ABOUT_RETURN_TYPE = YES_ERROR;
				GCC_WARN_UNDECLARED_SELECTOR = YES;
				GCC_WARN_UNINITIALIZED_AUTOS = YES_AGGRESSIVE;
				GCC_WARN_UNUSED_FUNCTION = YES;
				GCC_WARN_UNUSED_VARIABLE = YES;
				IPHONEOS_DEPLOYMENT_TARGET = 16.4;
				MTL_ENABLE_DEBUG_INFO = INCLUDE_SOURCE;
				MTL_FAST_MATH = YES;
				ONLY_ACTIVE_ARCH = YES;
				SDKROOT = iphoneos;
				SWIFT_ACTIVE_COMPILATION_CONDITIONS = DEBUG;
				SWIFT_OPTIMIZATION_LEVEL = "-Onone";
			};
			name = Debug;
		};
		0AEB2E0F2A42D55A0041784E /* Release */ = {
			isa = XCBuildConfiguration;
			buildSettings = {
				ALWAYS_SEARCH_USER_PATHS = NO;
				CLANG_ANALYZER_NONNULL = YES;
				CLANG_ANALYZER_NUMBER_OBJECT_CONVERSION = YES_AGGRESSIVE;
				CLANG_CXX_LANGUAGE_STANDARD = "gnu++20";
				CLANG_ENABLE_MODULES = YES;
				CLANG_ENABLE_OBJC_ARC = YES;
				CLANG_ENABLE_OBJC_WEAK = YES;
				CLANG_WARN_BLOCK_CAPTURE_AUTORELEASING = YES;
				CLANG_WARN_BOOL_CONVERSION = YES;
				CLANG_WARN_COMMA = YES;
				CLANG_WARN_CONSTANT_CONVERSION = YES;
				CLANG_WARN_DEPRECATED_OBJC_IMPLEMENTATIONS = YES;
				CLANG_WARN_DIRECT_OBJC_ISA_USAGE = YES_ERROR;
				CLANG_WARN_DOCUMENTATION_COMMENTS = YES;
				CLANG_WARN_EMPTY_BODY = YES;
				CLANG_WARN_ENUM_CONVERSION = YES;
				CLANG_WARN_INFINITE_RECURSION = YES;
				CLANG_WARN_INT_CONVERSION = YES;
				CLANG_WARN_NON_LITERAL_NULL_CONVERSION = YES;
				CLANG_WARN_OBJC_IMPLICIT_RETAIN_SELF = YES;
				CLANG_WARN_OBJC_LITERAL_CONVERSION = YES;
				CLANG_WARN_OBJC_ROOT_CLASS = YES_ERROR;
				CLANG_WARN_QUOTED_INCLUDE_IN_FRAMEWORK_HEADER = YES;
				CLANG_WARN_RANGE_LOOP_ANALYSIS = YES;
				CLANG_WARN_STRICT_PROTOTYPES = YES;
				CLANG_WARN_SUSPICIOUS_MOVE = YES;
				CLANG_WARN_UNGUARDED_AVAILABILITY = YES_AGGRESSIVE;
				CLANG_WARN_UNREACHABLE_CODE = YES;
				CLANG_WARN__DUPLICATE_METHOD_MATCH = YES;
				COPY_PHASE_STRIP = NO;
				DEBUG_INFORMATION_FORMAT = "dwarf-with-dsym";
				ENABLE_NS_ASSERTIONS = NO;
				ENABLE_STRICT_OBJC_MSGSEND = YES;
				GCC_C_LANGUAGE_STANDARD = gnu11;
				GCC_NO_COMMON_BLOCKS = YES;
				GCC_WARN_64_TO_32_BIT_CONVERSION = YES;
				GCC_WARN_ABOUT_RETURN_TYPE = YES_ERROR;
				GCC_WARN_UNDECLARED_SELECTOR = YES;
				GCC_WARN_UNINITIALIZED_AUTOS = YES_AGGRESSIVE;
				GCC_WARN_UNUSED_FUNCTION = YES;
				GCC_WARN_UNUSED_VARIABLE = YES;
				IPHONEOS_DEPLOYMENT_TARGET = 16.4;
				MTL_ENABLE_DEBUG_INFO = NO;
				MTL_FAST_MATH = YES;
				SDKROOT = iphoneos;
				SWIFT_COMPILATION_MODE = wholemodule;
				SWIFT_OPTIMIZATION_LEVEL = "-O";
				VALIDATE_PRODUCT = YES;
			};
			name = Release;
		};
		0AEB2E112A42D55A0041784E /* Debug */ = {
			isa = XCBuildConfiguration;
			buildSettings = {
				ASSETCATALOG_COMPILER_APPICON_NAME = AppIcon;
				ASSETCATALOG_COMPILER_GLOBAL_ACCENT_COLOR_NAME = AccentColor;
				CODE_SIGN_STYLE = Automatic;
				CURRENT_PROJECT_VERSION = 1;
				GENERATE_INFOPLIST_FILE = YES;
				INFOPLIST_FILE = MovieDatabaseApp/Info.plist;
				INFOPLIST_KEY_UIApplicationSupportsIndirectInputEvents = YES;
				INFOPLIST_KEY_UILaunchStoryboardName = "";
				INFOPLIST_KEY_UIMainStoryboardFile = Main;
				INFOPLIST_KEY_UISupportedInterfaceOrientations = "UIInterfaceOrientationLandscapeLeft UIInterfaceOrientationLandscapeRight UIInterfaceOrientationPortrait";
				IPHONEOS_DEPLOYMENT_TARGET = 13.0;
				LD_RUNPATH_SEARCH_PATHS = (
					"$(inherited)",
					"@executable_path/Frameworks",
				);
				MARKETING_VERSION = 1.0;
				PRODUCT_BUNDLE_IDENTIFIER = com.demo.MovieDatabaseApp;
				PRODUCT_NAME = "$(TARGET_NAME)";
				SWIFT_EMIT_LOC_STRINGS = YES;
				SWIFT_VERSION = 5.0;
				TARGETED_DEVICE_FAMILY = "1,2";
			};
			name = Debug;
		};
		0AEB2E122A42D55A0041784E /* Release */ = {
			isa = XCBuildConfiguration;
			buildSettings = {
				ASSETCATALOG_COMPILER_APPICON_NAME = AppIcon;
				ASSETCATALOG_COMPILER_GLOBAL_ACCENT_COLOR_NAME = AccentColor;
				CODE_SIGN_STYLE = Automatic;
				CURRENT_PROJECT_VERSION = 1;
				GENERATE_INFOPLIST_FILE = YES;
				INFOPLIST_FILE = MovieDatabaseApp/Info.plist;
				INFOPLIST_KEY_UIApplicationSupportsIndirectInputEvents = YES;
				INFOPLIST_KEY_UILaunchStoryboardName = "";
				INFOPLIST_KEY_UIMainStoryboardFile = Main;
				INFOPLIST_KEY_UISupportedInterfaceOrientations = "UIInterfaceOrientationLandscapeLeft UIInterfaceOrientationLandscapeRight UIInterfaceOrientationPortrait";
				IPHONEOS_DEPLOYMENT_TARGET = 13.0;
				LD_RUNPATH_SEARCH_PATHS = (
					"$(inherited)",
					"@executable_path/Frameworks",
				);
				MARKETING_VERSION = 1.0;
				PRODUCT_BUNDLE_IDENTIFIER = com.demo.MovieDatabaseApp;
				PRODUCT_NAME = "$(TARGET_NAME)";
				SWIFT_EMIT_LOC_STRINGS = YES;
				SWIFT_VERSION = 5.0;
				TARGETED_DEVICE_FAMILY = "1,2";
			};
			name = Release;
		};
/* End XCBuildConfiguration section */

/* Begin XCConfigurationList section */
		0A7510DF2A4C61DE00B1F6A8 /* Build configuration list for PBXNativeTarget "MovieDatabaseAppTests" */ = {
			isa = XCConfigurationList;
			buildConfigurations = (
				0A7510E02A4C61DE00B1F6A8 /* Debug */,
				0A7510E12A4C61DE00B1F6A8 /* Release */,
			);
			defaultConfigurationIsVisible = 0;
			defaultConfigurationName = Release;
		};
		0AEB2DF72A42D5540041784E /* Build configuration list for PBXProject "MovieDatabaseApp" */ = {
			isa = XCConfigurationList;
			buildConfigurations = (
				0AEB2E0E2A42D55A0041784E /* Debug */,
				0AEB2E0F2A42D55A0041784E /* Release */,
			);
			defaultConfigurationIsVisible = 0;
			defaultConfigurationName = Release;
		};
		0AEB2E102A42D55A0041784E /* Build configuration list for PBXNativeTarget "MovieDatabaseApp" */ = {
			isa = XCConfigurationList;
			buildConfigurations = (
				0AEB2E112A42D55A0041784E /* Debug */,
				0AEB2E122A42D55A0041784E /* Release */,
			);
			defaultConfigurationIsVisible = 0;
			defaultConfigurationName = Release;
		};
/* End XCConfigurationList section */
	};
	rootObject = 0AEB2DF42A42D5540041784E /* Project object */;
}
